
Microsoft Visual Studio Solution File, Format Version 12.00
# Visual Studio 14
VisualStudioVersion = 14.0.25420.1
MinimumVisualStudioVersion = 10.0.40219.1
Project("{2150E333-8FDC-42A3-9474-1A3956D46DE8}") = "src", "src", "{A5B3341C-F2E2-4866-A8FC-18C695E5AC1D}"
EndProject
Project("{2150E333-8FDC-42A3-9474-1A3956D46DE8}") = "Solution Items", "Solution Items", "{1A7EB339-5FFB-4E2D-8BC2-A2E1430CBD92}"
	ProjectSection(SolutionItems) = preProject
		global.json = global.json
	EndProjectSection
EndProject
Project("{8BB2217D-0F2D-49D1-97BC-3654ED321F3B}") = "RegistrationDbWriter", "src\RegistrationDbWriter\RegistrationDbWriter.xproj", "{F6BF4B85-31DD-446D-88B7-9997D18DA53D}"
EndProject
Global
	GlobalSection(SolutionConfigurationPlatforms) = preSolution
		Debug|Any CPU = Debug|Any CPU
		Release|Any CPU = Release|Any CPU
	EndGlobalSection
	GlobalSection(ProjectConfigurationPlatforms) = postSolution
		{F6BF4B85-31DD-446D-88B7-9997D18DA53D}.Debug|Any CPU.ActiveCfg = Debug|Any CPU
		{F6BF4B85-31DD-446D-88B7-9997D18DA53D}.Debug|Any CPU.Build.0 = Debug|Any CPU
		{F6BF4B85-31DD-446D-88B7-9997D18DA53D}.Release|Any CPU.ActiveCfg = Release|Any CPU
		{F6BF4B85-31DD-446D-88B7-9997D18DA53D}.Release|Any CPU.Build.0 = Release|Any CPU
	EndGlobalSection
	GlobalSection(SolutionProperties) = preSolution
		HideSolutionNode = FALSE
	EndGlobalSection
	GlobalSection(NestedProjects) = preSolution
		{F6BF4B85-31DD-446D-88B7-9997D18DA53D} = {A5B3341C-F2E2-4866-A8FC-18C695E5AC1D}
	EndGlobalSection
EndGlobal
